
Microsoft Visual Studio Solution File, Format Version 12.00
# Visual Studio Version 17
VisualStudioVersion = 17.5.33209.295
MinimumVisualStudioVersion = 10.0.40219.1
Project("{9A19103F-16F7-4668-BE54-9A1E7A4F7556}") = "AntiRecall", "AntiRecall\AntiRecall.csproj", "{5BF07CC7-89B9-483B-B305-9B889DDBA69D}"
EndProject
Project("{9A19103F-16F7-4668-BE54-9A1E7A4F7556}") = "KonataPlugin", "KonataPlugin\KonataPlugin.csproj", "{1C9382D8-D724-4A04-8AC6-4269744E97A3}"
EndProject
Global
	GlobalSection(SolutionConfigurationPlatforms) = preSolution
		Debug|Any CPU = Debug|Any CPU
		Release|Any CPU = Release|Any CPU
	EndGlobalSection
	GlobalSection(ProjectConfigurationPlatforms) = postSolution
		{5BF07CC7-89B9-483B-B305-9B889DDBA69D}.Debug|Any CPU.ActiveCfg = Debug|Any CPU
		{5BF07CC7-89B9-483B-B305-9B889DDBA69D}.Debug|Any CPU.Build.0 = Debug|Any CPU
		{5BF07CC7-89B9-483B-B305-9B889DDBA69D}.Release|Any CPU.ActiveCfg = Release|Any CPU
		{5BF07CC7-89B9-483B-B305-9B889DDBA69D}.Release|Any CPU.Build.0 = Release|Any CPU
		{1C9382D8-D724-4A04-8AC6-4269744E97A3}.Debug|Any CPU.ActiveCfg = Debug|Any CPU
		{1C9382D8-D724-4A04-8AC6-4269744E97A3}.Debug|Any CPU.Build.0 = Debug|Any CPU
		{1C9382D8-D724-4A04-8AC6-4269744E97A3}.Release|Any CPU.ActiveCfg = Release|Any CPU
		{1C9382D8-D724-4A04-8AC6-4269744E97A3}.Release|Any CPU.Build.0 = Release|Any CPU
	EndGlobalSection
	GlobalSection(SolutionProperties) = preSolution
		HideSolutionNode = FALSE
	EndGlobalSection
	GlobalSection(ExtensibilityGlobals) = postSolution
		SolutionGuid = {71FA34F9-2B01-4D0A-A19E-414B27B85563}
	EndGlobalSection
EndGlobal
